
Microsoft Visual Studio Solution File, Format Version 12.00
# Visual Studio 2012
Project("{FAE04EC0-301F-11D3-BF4B-00C04F79EFBC}") = "ThalianaConsole", "ThalianaConsole\ThalianaConsole.csproj", "{B99CE5CB-20E2-48F8-ADB7-2208C327465C}"
EndProject
Project("{FAE04EC0-301F-11D3-BF4B-00C04F79EFBC}") = "BongApiV1", "BongApiV1\BongApiV1.csproj", "{6171D6EC-A04B-4182-92BD-AF2D237B9DC6}"
EndProject
Project("{FAE04EC0-301F-11D3-BF4B-00C04F79EFBC}") = "BongApiV1Test", "BongApiV1Test\BongApiV1Test.csproj", "{C47373A6-0463-4F12-8243-61ABB88AB7F5}"
EndProject
Global
	GlobalSection(SolutionConfigurationPlatforms) = preSolution
		Debug|Any CPU = Debug|Any CPU
		Release|Any CPU = Release|Any CPU
	EndGlobalSection
	GlobalSection(ProjectConfigurationPlatforms) = postSolution
		{B99CE5CB-20E2-48F8-ADB7-2208C327465C}.Debug|Any CPU.ActiveCfg = Debug|Any CPU
		{B99CE5CB-20E2-48F8-ADB7-2208C327465C}.Debug|Any CPU.Build.0 = Debug|Any CPU
		{B99CE5CB-20E2-48F8-ADB7-2208C327465C}.Release|Any CPU.ActiveCfg = Release|Any CPU
		{B99CE5CB-20E2-48F8-ADB7-2208C327465C}.Release|Any CPU.Build.0 = Release|Any CPU
		{6171D6EC-A04B-4182-92BD-AF2D237B9DC6}.Debug|Any CPU.ActiveCfg = Debug|Any CPU
		{6171D6EC-A04B-4182-92BD-AF2D237B9DC6}.Debug|Any CPU.Build.0 = Debug|Any CPU
		{6171D6EC-A04B-4182-92BD-AF2D237B9DC6}.Release|Any CPU.ActiveCfg = Release|Any CPU
		{6171D6EC-A04B-4182-92BD-AF2D237B9DC6}.Release|Any CPU.Build.0 = Release|Any CPU
		{C47373A6-0463-4F12-8243-61ABB88AB7F5}.Debug|Any CPU.ActiveCfg = Debug|Any CPU
		{C47373A6-0463-4F12-8243-61ABB88AB7F5}.Debug|Any CPU.Build.0 = Debug|Any CPU
		{C47373A6-0463-4F12-8243-61ABB88AB7F5}.Release|Any CPU.ActiveCfg = Release|Any CPU
		{C47373A6-0463-4F12-8243-61ABB88AB7F5}.Release|Any CPU.Build.0 = Release|Any CPU
	EndGlobalSection
	GlobalSection(SolutionProperties) = preSolution
		HideSolutionNode = FALSE
	EndGlobalSection
	GlobalSection(ExtensibilityGlobals) = postSolution
		EnterpriseLibraryConfigurationToolBinariesPathV6 = packages\EnterpriseLibrary.Common.6.0.1304.0\lib\NET45;packages\EnterpriseLibrary.Logging.6.0.1304.0\lib\NET45
	EndGlobalSection
EndGlobal
